{
  "name": "nu",
  "version": "1.0.0",
  "lockfileVersion": 3,
  "requires": true,
  "packages": {
    "": {
      "name": "nu",
      "version": "1.0.0",
      "license": "ISC",
      "dependencies": {
        "tabulator-tables": "^5.6.0"
      }
    },
    "node_modules/tabulator-tables": {
      "version": "5.6.0",
      "resolved": "https://registry.npmjs.org/tabulator-tables/-/tabulator-tables-5.6.0.tgz",
      "integrity": "sha512-aj6yG531jMcRSi23sqRwSZ7eqXG/ae+P2IXggEvhmsn5QYeFmNgnRxJc5MqNeJMyEqvD595DMR4wiwpomFcgoQ=="
    }
  }
}
